
Microsoft Visual Studio Solution File, Format Version 12.00
# Visual Studio Version 16
VisualStudioVersion = 16.0.30320.27
MinimumVisualStudioVersion = 10.0.40219.1
Project("{9A19103F-16F7-4668-BE54-9A1E7A4F7556}") = "StoryForce.Server", "Server\StoryForce.Server.csproj", "{A214AC2C-A603-418C-8321-05E641710FA7}"
EndProject
Project("{9A19103F-16F7-4668-BE54-9A1E7A4F7556}") = "StoryForce.Shared", "Shared\StoryForce.Shared.csproj", "{0B531D90-F6FB-42F7-BF15-AE5453F8A7CE}"
EndProject
Global
	GlobalSection(SolutionConfigurationPlatforms) = preSolution
		Debug|Any CPU = Debug|Any CPU
		Release|Any CPU = Release|Any CPU
	EndGlobalSection
	GlobalSection(ProjectConfigurationPlatforms) = postSolution
		{A214AC2C-A603-418C-8321-05E641710FA7}.Debug|Any CPU.ActiveCfg = Debug|Any CPU
		{A214AC2C-A603-418C-8321-05E641710FA7}.Debug|Any CPU.Build.0 = Debug|Any CPU
		{A214AC2C-A603-418C-8321-05E641710FA7}.Release|Any CPU.ActiveCfg = Release|Any CPU
		{A214AC2C-A603-418C-8321-05E641710FA7}.Release|Any CPU.Build.0 = Release|Any CPU
		{0B531D90-F6FB-42F7-BF15-AE5453F8A7CE}.Debug|Any CPU.ActiveCfg = Debug|Any CPU
		{0B531D90-F6FB-42F7-BF15-AE5453F8A7CE}.Debug|Any CPU.Build.0 = Debug|Any CPU
		{0B531D90-F6FB-42F7-BF15-AE5453F8A7CE}.Release|Any CPU.ActiveCfg = Release|Any CPU
		{0B531D90-F6FB-42F7-BF15-AE5453F8A7CE}.Release|Any CPU.Build.0 = Release|Any CPU
	EndGlobalSection
	GlobalSection(SolutionProperties) = preSolution
		HideSolutionNode = FALSE
	EndGlobalSection
	GlobalSection(ExtensibilityGlobals) = postSolution
		SolutionGuid = {0CA00851-3D07-42A4-9B0C-72AE4CB7C27A}
	EndGlobalSection
EndGlobal
